// !$*UTF8*$!
{
	archiveVersion = 1;
	classes = {
	};
	objectVersion = 77;
	objects = {

/* Begin PBXBuildFile section */
		6E2EA0222DBEE37A00A9708A /* Assets.xcassets in Resources */ = {isa = PBXBuildFile; fileRef = 6E2EA0102DBEE37A00A9708A /* Assets.xcassets */; };
		6E2EA04D2DBEE37A00A9708A /* ContentView.swift in Sources */ = {isa = PBXBuildFile; fileRef = 6E2EA0192DBEE37A00A9708A /* ContentView.swift */; };
		6E2EA04F2DBEE37A00A9708A /* ThemeManager.swift in Sources */ = {isa = PBXBuildFile; fileRef = 6E2EA0152DBEE37A00A9708A /* ThemeManager.swift */; };
		6E2EA0522DBEE37A00A9708A /* FileService.swift in Sources */ = {isa = PBXBuildFile; fileRef = 6E2EA0172DBEE37A00A9708A /* FileService.swift */; };
		6E2EA0532DBEE37A00A9708A /* MacPadApp.swift in Sources */ = {isa = PBXBuildFile; fileRef = 6E2EA0142DBEE37A00A9708A /* MacPadApp.swift */; };
		6E5911972DBF866500BC5DA7 /* AppDelegate.swift in Sources */ = {isa = PBXBuildFile; fileRef = 6E5911962DBF865200BC5DA7 /* AppDelegate.swift */; };
		6E59119C2DBF89B800BC5DA7 /* WindowAccessor.swift in Sources */ = {isa = PBXBuildFile; fileRef = 6E59119B2DBF89A900BC5DA7 /* WindowAccessor.swift */; };
		6E59119F2DC5B52C00BC5DA7 /* Document.swift in Sources */ = {isa = PBXBuildFile; fileRef = 6E59119E2DC5B52900BC5DA7 /* Document.swift */; };
		6E5911A12DC5B61D00BC5DA7 /* DocumentStore.swift in Sources */ = {isa = PBXBuildFile; fileRef = 6E5911A02DC5B61800BC5DA7 /* DocumentStore.swift */; };
		6E5911A42DC6DDF800BC5DA7 /* WindowCoordinator.swift in Sources */ = {isa = PBXBuildFile; fileRef = 6E5911A32DC6DDF000BC5DA7 /* WindowCoordinator.swift */; };
		6E5911AD2DC6EE0E00BC5DA7 /* EditorTabsView.swift in Sources */ = {isa = PBXBuildFile; fileRef = 6E5911AC2DC6EE0C00BC5DA7 /* EditorTabsView.swift */; };
/* End PBXBuildFile section */

/* Begin PBXContainerItemProxy section */
		6E99239E2DBEDE280022C097 /* PBXContainerItemProxy */ = {
			isa = PBXContainerItemProxy;
			containerPortal = 6E9923872DBEDE260022C097 /* Project object */;
			proxyType = 1;
			remoteGlobalIDString = 6E99238E2DBEDE260022C097;
			remoteInfo = MacPad;
		};
		6E9923A82DBEDE280022C097 /* PBXContainerItemProxy */ = {
			isa = PBXContainerItemProxy;
			containerPortal = 6E9923872DBEDE260022C097 /* Project object */;
			proxyType = 1;
			remoteGlobalIDString = 6E99238E2DBEDE260022C097;
			remoteInfo = MacPad;
		};
/* End PBXContainerItemProxy section */

/* Begin PBXFileReference section */
		6E2EA0082DBEE37A00A9708A /* MacPad.entitlements */ = {isa = PBXFileReference; lastKnownFileType = text.plist.entitlements; path = MacPad.entitlements; sourceTree = "<group>"; };
		6E2EA00A2DBEE37A00A9708A /* MacPad.xcodeproj */ = {isa = PBXFileReference; lastKnownFileType = "wrapper.pb-project"; path = MacPad.xcodeproj; sourceTree = "<group>"; };
		6E2EA0102DBEE37A00A9708A /* Assets.xcassets */ = {isa = PBXFileReference; lastKnownFileType = folder.assetcatalog; path = Assets.xcassets; sourceTree = "<group>"; };
		6E2EA0142DBEE37A00A9708A /* MacPadApp.swift */ = {isa = PBXFileReference; lastKnownFileType = sourcecode.swift; path = MacPadApp.swift; sourceTree = "<group>"; };
		6E2EA0152DBEE37A00A9708A /* ThemeManager.swift */ = {isa = PBXFileReference; lastKnownFileType = sourcecode.swift; path = ThemeManager.swift; sourceTree = "<group>"; };
		6E2EA0172DBEE37A00A9708A /* FileService.swift */ = {isa = PBXFileReference; lastKnownFileType = sourcecode.swift; path = FileService.swift; sourceTree = "<group>"; };
		6E2EA0192DBEE37A00A9708A /* ContentView.swift */ = {isa = PBXFileReference; lastKnownFileType = sourcecode.swift; path = ContentView.swift; sourceTree = "<group>"; };
		6E5911962DBF865200BC5DA7 /* AppDelegate.swift */ = {isa = PBXFileReference; lastKnownFileType = sourcecode.swift; path = AppDelegate.swift; sourceTree = "<group>"; };
		6E59119B2DBF89A900BC5DA7 /* WindowAccessor.swift */ = {isa = PBXFileReference; lastKnownFileType = sourcecode.swift; path = WindowAccessor.swift; sourceTree = "<group>"; };
		6E59119E2DC5B52900BC5DA7 /* Document.swift */ = {isa = PBXFileReference; lastKnownFileType = sourcecode.swift; path = Document.swift; sourceTree = "<group>"; };
		6E5911A02DC5B61800BC5DA7 /* DocumentStore.swift */ = {isa = PBXFileReference; lastKnownFileType = sourcecode.swift; path = DocumentStore.swift; sourceTree = "<group>"; };
		6E5911A32DC6DDF000BC5DA7 /* WindowCoordinator.swift */ = {isa = PBXFileReference; lastKnownFileType = sourcecode.swift; path = WindowCoordinator.swift; sourceTree = "<group>"; };
		6E5911AC2DC6EE0C00BC5DA7 /* EditorTabsView.swift */ = {isa = PBXFileReference; lastKnownFileType = sourcecode.swift; path = EditorTabsView.swift; sourceTree = "<group>"; };
		6E99238F2DBEDE260022C097 /* MacPad.app */ = {isa = PBXFileReference; explicitFileType = wrapper.application; includeInIndex = 0; path = MacPad.app; sourceTree = BUILT_PRODUCTS_DIR; };
		6E99239D2DBEDE280022C097 /* MacPadTests.xctest */ = {isa = PBXFileReference; explicitFileType = wrapper.cfbundle; includeInIndex = 0; path = MacPadTests.xctest; sourceTree = BUILT_PRODUCTS_DIR; };
		6E9923A72DBEDE280022C097 /* MacPadUITests.xctest */ = {isa = PBXFileReference; explicitFileType = wrapper.cfbundle; includeInIndex = 0; path = MacPadUITests.xctest; sourceTree = BUILT_PRODUCTS_DIR; };
/* End PBXFileReference section */

/* Begin PBXFrameworksBuildPhase section */
		6E99238C2DBEDE260022C097 /* Frameworks */ = {
			isa = PBXFrameworksBuildPhase;
			buildActionMask = 2147483647;
			files = (
			);
			runOnlyForDeploymentPostprocessing = 0;
		};
		6E99239A2DBEDE280022C097 /* Frameworks */ = {
			isa = PBXFrameworksBuildPhase;
			buildActionMask = 2147483647;
			files = (
			);
			runOnlyForDeploymentPostprocessing = 0;
		};
		6E9923A42DBEDE280022C097 /* Frameworks */ = {
			isa = PBXFrameworksBuildPhase;
			buildActionMask = 2147483647;
			files = (
			);
			runOnlyForDeploymentPostprocessing = 0;
		};
/* End PBXFrameworksBuildPhase section */

/* Begin PBXGroup section */
		6E2EA0092DBEE37A00A9708A /* MacPad */ = {
			isa = PBXGroup;
			children = (
				6E2EA0082DBEE37A00A9708A /* MacPad.entitlements */,
			);
			path = MacPad;
			sourceTree = "<group>";
		};
		6E2EA0122DBEE37A00A9708A /* Resources */ = {
			isa = PBXGroup;
			children = (
				6E2EA0102DBEE37A00A9708A /* Assets.xcassets */,
			);
			path = Resources;
			sourceTree = "<group>";
		};
		6E2EA0162DBEE37A00A9708A /* App */ = {
			isa = PBXGroup;
			children = (
				6E5911AC2DC6EE0C00BC5DA7 /* EditorTabsView.swift */,
				6E5911A32DC6DDF000BC5DA7 /* WindowCoordinator.swift */,
				6E5911A02DC5B61800BC5DA7 /* DocumentStore.swift */,
				6E59119E2DC5B52900BC5DA7 /* Document.swift */,
				6E59119B2DBF89A900BC5DA7 /* WindowAccessor.swift */,
				6E5911962DBF865200BC5DA7 /* AppDelegate.swift */,
				6E2EA0142DBEE37A00A9708A /* MacPadApp.swift */,
				6E2EA0152DBEE37A00A9708A /* ThemeManager.swift */,
			);
			path = App;
			sourceTree = "<group>";
		};
		6E2EA0182DBEE37A00A9708A /* Services */ = {
			isa = PBXGroup;
			children = (
				6E2EA0172DBEE37A00A9708A /* FileService.swift */,
			);
			path = Services;
			sourceTree = "<group>";
		};
		6E2EA01A2DBEE37A00A9708A /* Views */ = {
			isa = PBXGroup;
			children = (
				6E2EA0192DBEE37A00A9708A /* ContentView.swift */,
			);
			path = Views;
			sourceTree = "<group>";
		};
		6E2EA01B2DBEE37A00A9708A /* Sources */ = {
			isa = PBXGroup;
			children = (
				6E2EA0162DBEE37A00A9708A /* App */,
				6E2EA0182DBEE37A00A9708A /* Services */,
				6E2EA01A2DBEE37A00A9708A /* Views */,
			);
			path = Sources;
			sourceTree = "<group>";
		};
		6E2EA01D2DBEE37A00A9708A /* Products */ = {
			isa = PBXGroup;
			name = Products;
			sourceTree = "<group>";
		};
		6E9923862DBEDE260022C097 = {
			isa = PBXGroup;
			children = (
				6E2EA0092DBEE37A00A9708A /* MacPad */,
				6E2EA00A2DBEE37A00A9708A /* MacPad.xcodeproj */,
				6E2EA0122DBEE37A00A9708A /* Resources */,
				6E2EA01B2DBEE37A00A9708A /* Sources */,
				6E9923902DBEDE260022C097 /* Products */,
			);
			sourceTree = "<group>";
		};
		6E9923902DBEDE260022C097 /* Products */ = {
			isa = PBXGroup;
			children = (
				6E99238F2DBEDE260022C097 /* MacPad.app */,
				6E99239D2DBEDE280022C097 /* MacPadTests.xctest */,
				6E9923A72DBEDE280022C097 /* MacPadUITests.xctest */,
			);
			name = Products;
			sourceTree = "<group>";
		};
/* End PBXGroup section */

/* Begin PBXNativeTarget section */
		6E99238E2DBEDE260022C097 /* MacPad */ = {
			isa = PBXNativeTarget;
			buildConfigurationList = 6E9923B12DBEDE280022C097 /* Build configuration list for PBXNativeTarget "MacPad" */;
			buildPhases = (
				6E99238B2DBEDE260022C097 /* Sources */,
				6E99238C2DBEDE260022C097 /* Frameworks */,
				6E99238D2DBEDE260022C097 /* Resources */,
			);
			buildRules = (
			);
			dependencies = (
			);
			name = MacPad;
			packageProductDependencies = (
			);
			productName = MacPad;
			productReference = 6E99238F2DBEDE260022C097 /* MacPad.app */;
			productType = "com.apple.product-type.application";
		};
		6E99239C2DBEDE280022C097 /* MacPadTests */ = {
			isa = PBXNativeTarget;
			buildConfigurationList = 6E9923B42DBEDE280022C097 /* Build configuration list for PBXNativeTarget "MacPadTests" */;
			buildPhases = (
				6E9923992DBEDE280022C097 /* Sources */,
				6E99239A2DBEDE280022C097 /* Frameworks */,
				6E99239B2DBEDE280022C097 /* Resources */,
			);
			buildRules = (
			);
			dependencies = (
				6E99239F2DBEDE280022C097 /* PBXTargetDependency */,
			);
			name = MacPadTests;
			packageProductDependencies = (
			);
			productName = MacPadTests;
			productReference = 6E99239D2DBEDE280022C097 /* MacPadTests.xctest */;
			productType = "com.apple.product-type.bundle.unit-test";
		};
		6E9923A62DBEDE280022C097 /* MacPadUITests */ = {
			isa = PBXNativeTarget;
			buildConfigurationList = 6E9923B72DBEDE280022C097 /* Build configuration list for PBXNativeTarget "MacPadUITests" */;
			buildPhases = (
				6E9923A32DBEDE280022C097 /* Sources */,
				6E9923A42DBEDE280022C097 /* Frameworks */,
				6E9923A52DBEDE280022C097 /* Resources */,
			);
			buildRules = (
			);
			dependencies = (
				6E9923A92DBEDE280022C097 /* PBXTargetDependency */,
			);
			name = MacPadUITests;
			packageProductDependencies = (
			);
			productName = MacPadUITests;
			productReference = 6E9923A72DBEDE280022C097 /* MacPadUITests.xctest */;
			productType = "com.apple.product-type.bundle.ui-testing";
		};
/* End PBXNativeTarget section */

/* Begin PBXProject section */
		6E9923872DBEDE260022C097 /* Project object */ = {
			isa = PBXProject;
			attributes = {
				BuildIndependentTargetsInParallel = 1;
				LastSwiftUpdateCheck = 1630;
				LastUpgradeCheck = 1630;
				TargetAttributes = {
					6E99238E2DBEDE260022C097 = {
						CreatedOnToolsVersion = 16.3;
					};
					6E99239C2DBEDE280022C097 = {
						CreatedOnToolsVersion = 16.3;
						TestTargetID = 6E99238E2DBEDE260022C097;
					};
					6E9923A62DBEDE280022C097 = {
						CreatedOnToolsVersion = 16.3;
						TestTargetID = 6E99238E2DBEDE260022C097;
					};
				};
			};
			buildConfigurationList = 6E99238A2DBEDE260022C097 /* Build configuration list for PBXProject "MacPad" */;
			developmentRegion = en;
			hasScannedForEncodings = 0;
			knownRegions = (
				en,
				Base,
			);
			mainGroup = 6E9923862DBEDE260022C097;
			minimizedProjectReferenceProxies = 1;
			packageReferences = (
			);
			preferredProjectObjectVersion = 77;
			productRefGroup = 6E9923902DBEDE260022C097 /* Products */;
			projectDirPath = "";
			projectReferences = (
				{
					ProductGroup = 6E2EA01D2DBEE37A00A9708A /* Products */;
					ProjectRef = 6E2EA00A2DBEE37A00A9708A /* MacPad.xcodeproj */;
				},
			);
			projectRoot = "";
			targets = (
				6E99238E2DBEDE260022C097 /* MacPad */,
				6E99239C2DBEDE280022C097 /* MacPadTests */,
				6E9923A62DBEDE280022C097 /* MacPadUITests */,
			);
		};
/* End PBXProject section */

/* Begin PBXResourcesBuildPhase section */
		6E99238D2DBEDE260022C097 /* Resources */ = {
			isa = PBXResourcesBuildPhase;
			buildActionMask = 2147483647;
			files = (
				6E2EA0222DBEE37A00A9708A /* Assets.xcassets in Resources */,
			);
			runOnlyForDeploymentPostprocessing = 0;
		};
		6E99239B2DBEDE280022C097 /* Resources */ = {
			isa = PBXResourcesBuildPhase;
			buildActionMask = 2147483647;
			files = (
			);
			runOnlyForDeploymentPostprocessing = 0;
		};
		6E9923A52DBEDE280022C097 /* Resources */ = {
			isa = PBXResourcesBuildPhase;
			buildActionMask = 2147483647;
			files = (
			);
			runOnlyForDeploymentPostprocessing = 0;
		};
/* End PBXResourcesBuildPhase section */

/* Begin PBXSourcesBuildPhase section */
		6E99238B2DBEDE260022C097 /* Sources */ = {
			isa = PBXSourcesBuildPhase;
			buildActionMask = 2147483647;
			files = (
				6E59119C2DBF89B800BC5DA7 /* WindowAccessor.swift in Sources */,
				6E5911AD2DC6EE0E00BC5DA7 /* EditorTabsView.swift in Sources */,
				6E2EA04D2DBEE37A00A9708A /* ContentView.swift in Sources */,
				6E5911A12DC5B61D00BC5DA7 /* DocumentStore.swift in Sources */,
				6E2EA04F2DBEE37A00A9708A /* ThemeManager.swift in Sources */,
				6E2EA0522DBEE37A00A9708A /* FileService.swift in Sources */,
				6E5911A42DC6DDF800BC5DA7 /* WindowCoordinator.swift in Sources */,
				6E5911972DBF866500BC5DA7 /* AppDelegate.swift in Sources */,
				6E59119F2DC5B52C00BC5DA7 /* Document.swift in Sources */,
				6E2EA0532DBEE37A00A9708A /* MacPadApp.swift in Sources */,
			);
			runOnlyForDeploymentPostprocessing = 0;
		};
		6E9923992DBEDE280022C097 /* Sources */ = {
			isa = PBXSourcesBuildPhase;
			buildActionMask = 2147483647;
			files = (
			);
			runOnlyForDeploymentPostprocessing = 0;
		};
		6E9923A32DBEDE280022C097 /* Sources */ = {
			isa = PBXSourcesBuildPhase;
			buildActionMask = 2147483647;
			files = (
			);
			runOnlyForDeploymentPostprocessing = 0;
		};
/* End PBXSourcesBuildPhase section */

/* Begin PBXTargetDependency section */
		6E99239F2DBEDE280022C097 /* PBXTargetDependency */ = {
			isa = PBXTargetDependency;
			target = 6E99238E2DBEDE260022C097 /* MacPad */;
			targetProxy = 6E99239E2DBEDE280022C097 /* PBXContainerItemProxy */;
		};
		6E9923A92DBEDE280022C097 /* PBXTargetDependency */ = {
			isa = PBXTargetDependency;
			target = 6E99238E2DBEDE260022C097 /* MacPad */;
			targetProxy = 6E9923A82DBEDE280022C097 /* PBXContainerItemProxy */;
		};
/* End PBXTargetDependency section */

/* Begin XCBuildConfiguration section */
		6E9923AF2DBEDE280022C097 /* Debug */ = {
			isa = XCBuildConfiguration;
			buildSettings = {
				ALWAYS_SEARCH_USER_PATHS = NO;
				ASSETCATALOG_COMPILER_GENERATE_SWIFT_ASSET_SYMBOL_EXTENSIONS = YES;
				CLANG_ANALYZER_NONNULL = YES;
				CLANG_ANALYZER_NUMBER_OBJECT_CONVERSION = YES_AGGRESSIVE;
				CLANG_CXX_LANGUAGE_STANDARD = "gnu++20";
				CLANG_ENABLE_MODULES = YES;
				CLANG_ENABLE_OBJC_ARC = YES;
				CLANG_ENABLE_OBJC_WEAK = YES;
				CLANG_WARN_BLOCK_CAPTURE_AUTORELEASING = YES;
				CLANG_WARN_BOOL_CONVERSION = YES;
				CLANG_WARN_COMMA = YES;
				CLANG_WARN_CONSTANT_CONVERSION = YES;
				CLANG_WARN_DEPRECATED_OBJC_IMPLEMENTATIONS = YES;
				CLANG_WARN_DIRECT_OBJC_ISA_USAGE = YES_ERROR;
				CLANG_WARN_DOCUMENTATION_COMMENTS = YES;
				CLANG_WARN_EMPTY_BODY = YES;
				CLANG_WARN_ENUM_CONVERSION = YES;
				CLANG_WARN_INFINITE_RECURSION = YES;
				CLANG_WARN_INT_CONVERSION = YES;
				CLANG_WARN_NON_LITERAL_NULL_CONVERSION = YES;
				CLANG_WARN_OBJC_IMPLICIT_RETAIN_SELF = YES;
				CLANG_WARN_OBJC_LITERAL_CONVERSION = YES;
				CLANG_WARN_OBJC_ROOT_CLASS = YES_ERROR;
				CLANG_WARN_QUOTED_INCLUDE_IN_FRAMEWORK_HEADER = YES;
				CLANG_WARN_RANGE_LOOP_ANALYSIS = YES;
				CLANG_WARN_STRICT_PROTOTYPES = YES;
				CLANG_WARN_SUSPICIOUS_MOVE = YES;
				CLANG_WARN_UNGUARDED_AVAILABILITY = YES_AGGRESSIVE;
				CLANG_WARN_UNREACHABLE_CODE = YES;
				CLANG_WARN__DUPLICATE_METHOD_MATCH = YES;
				COPY_PHASE_STRIP = NO;
				DEBUG_INFORMATION_FORMAT = dwarf;
				ENABLE_STRICT_OBJC_MSGSEND = YES;
				ENABLE_TESTABILITY = YES;
				ENABLE_USER_SCRIPT_SANDBOXING = YES;
				GCC_C_LANGUAGE_STANDARD = gnu17;
				GCC_DYNAMIC_NO_PIC = NO;
				GCC_NO_COMMON_BLOCKS = YES;
				GCC_OPTIMIZATION_LEVEL = 0;
				GCC_PREPROCESSOR_DEFINITIONS = (
					"DEBUG=1",
					"$(inherited)",
				);
				GCC_WARN_64_TO_32_BIT_CONVERSION = YES;
				GCC_WARN_ABOUT_RETURN_TYPE = YES_ERROR;
				GCC_WARN_UNDECLARED_SELECTOR = YES;
				GCC_WARN_UNINITIALIZED_AUTOS = YES_AGGRESSIVE;
				GCC_WARN_UNUSED_FUNCTION = YES;
				GCC_WARN_UNUSED_VARIABLE = YES;
				LOCALIZATION_PREFERS_STRING_CATALOGS = YES;
				MACOSX_DEPLOYMENT_TARGET = 15.3;
				MTL_ENABLE_DEBUG_INFO = INCLUDE_SOURCE;
				MTL_FAST_MATH = YES;
				ONLY_ACTIVE_ARCH = YES;
				SDKROOT = macosx;
				SWIFT_ACTIVE_COMPILATION_CONDITIONS = "DEBUG $(inherited)";
				SWIFT_OPTIMIZATION_LEVEL = "-Onone";
			};
			name = Debug;
		};
		6E9923B02DBEDE280022C097 /* Release */ = {
			isa = XCBuildConfiguration;
			buildSettings = {
				ALWAYS_SEARCH_USER_PATHS = NO;
				ASSETCATALOG_COMPILER_GENERATE_SWIFT_ASSET_SYMBOL_EXTENSIONS = YES;
				CLANG_ANALYZER_NONNULL = YES;
				CLANG_ANALYZER_NUMBER_OBJECT_CONVERSION = YES_AGGRESSIVE;
				CLANG_CXX_LANGUAGE_STANDARD = "gnu++20";
				CLANG_ENABLE_MODULES = YES;
				CLANG_ENABLE_OBJC_ARC = YES;
				CLANG_ENABLE_OBJC_WEAK = YES;
				CLANG_WARN_BLOCK_CAPTURE_AUTORELEASING = YES;
				CLANG_WARN_BOOL_CONVERSION = YES;
				CLANG_WARN_COMMA = YES;
				CLANG_WARN_CONSTANT_CONVERSION = YES;
				CLANG_WARN_DEPRECATED_OBJC_IMPLEMENTATIONS = YES;
				CLANG_WARN_DIRECT_OBJC_ISA_USAGE = YES_ERROR;
				CLANG_WARN_DOCUMENTATION_COMMENTS = YES;
				CLANG_WARN_EMPTY_BODY = YES;
				CLANG_WARN_ENUM_CONVERSION = YES;
				CLANG_WARN_INFINITE_RECURSION = YES;
				CLANG_WARN_INT_CONVERSION = YES;
				CLANG_WARN_NON_LITERAL_NULL_CONVERSION = YES;
				CLANG_WARN_OBJC_IMPLICIT_RETAIN_SELF = YES;
				CLANG_WARN_OBJC_LITERAL_CONVERSION = YES;
				CLANG_WARN_OBJC_ROOT_CLASS = YES_ERROR;
				CLANG_WARN_QUOTED_INCLUDE_IN_FRAMEWORK_HEADER = YES;
				CLANG_WARN_RANGE_LOOP_ANALYSIS = YES;
				CLANG_WARN_STRICT_PROTOTYPES = YES;
				CLANG_WARN_SUSPICIOUS_MOVE = YES;
				CLANG_WARN_UNGUARDED_AVAILABILITY = YES_AGGRESSIVE;
				CLANG_WARN_UNREACHABLE_CODE = YES;
				CLANG_WARN__DUPLICATE_METHOD_MATCH = YES;
				COPY_PHASE_STRIP = NO;
				DEBUG_INFORMATION_FORMAT = "dwarf-with-dsym";
				ENABLE_NS_ASSERTIONS = NO;
				ENABLE_STRICT_OBJC_MSGSEND = YES;
				ENABLE_USER_SCRIPT_SANDBOXING = YES;
				GCC_C_LANGUAGE_STANDARD = gnu17;
				GCC_NO_COMMON_BLOCKS = YES;
				GCC_WARN_64_TO_32_BIT_CONVERSION = YES;
				GCC_WARN_ABOUT_RETURN_TYPE = YES_ERROR;
				GCC_WARN_UNDECLARED_SELECTOR = YES;
				GCC_WARN_UNINITIALIZED_AUTOS = YES_AGGRESSIVE;
				GCC_WARN_UNUSED_FUNCTION = YES;
				GCC_WARN_UNUSED_VARIABLE = YES;
				LOCALIZATION_PREFERS_STRING_CATALOGS = YES;
				MACOSX_DEPLOYMENT_TARGET = 15.3;
				MTL_ENABLE_DEBUG_INFO = NO;
				MTL_FAST_MATH = YES;
				SDKROOT = macosx;
				SWIFT_COMPILATION_MODE = wholemodule;
			};
			name = Release;
		};
		6E9923B22DBEDE280022C097 /* Debug */ = {
			isa = XCBuildConfiguration;
			buildSettings = {
				ASSETCATALOG_COMPILER_APPICON_NAME = AppIcon;
				ASSETCATALOG_COMPILER_GLOBAL_ACCENT_COLOR_NAME = AccentColor;
				CODE_SIGN_ENTITLEMENTS = MacPad/MacPad.entitlements;
				"CODE_SIGN_IDENTITY[sdk=macosx*]" = "-";
				CODE_SIGN_STYLE = Automatic;
				COMBINE_HIDPI_IMAGES = YES;
				CURRENT_PROJECT_VERSION = 1;
				DEVELOPMENT_TEAM = 6GYT6S2SSU;
				ENABLE_HARDENED_RUNTIME = YES;
				ENABLE_PREVIEWS = YES;
				GENERATE_INFOPLIST_FILE = YES;
				INFOPLIST_KEY_NSHumanReadableCopyright = "";
				LD_RUNPATH_SEARCH_PATHS = (
					"$(inherited)",
					"@executable_path/../Frameworks",
				);
				MACOSX_DEPLOYMENT_TARGET = 15.0;
				MARKETING_VERSION = v1.0.1;
				PRODUCT_BUNDLE_IDENTIFIER = ah.MacPad;
				PRODUCT_NAME = "$(TARGET_NAME)";
				REGISTER_APP_GROUPS = YES;
				SWIFT_EMIT_LOC_STRINGS = YES;
				SWIFT_VERSION = 5.0;
			};
			name = Debug;
		};
		6E9923B32DBEDE280022C097 /* Release */ = {
			isa = XCBuildConfiguration;
			buildSettings = {
				ASSETCATALOG_COMPILER_APPICON_NAME = AppIcon;
				ASSETCATALOG_COMPILER_GLOBAL_ACCENT_COLOR_NAME = AccentColor;
				CODE_SIGN_ENTITLEMENTS = MacPad/MacPad.entitlements;
				"CODE_SIGN_IDENTITY[sdk=macosx*]" = "-";
				CODE_SIGN_STYLE = Automatic;
				COMBINE_HIDPI_IMAGES = YES;
				CURRENT_PROJECT_VERSION = 1;
				DEVELOPMENT_TEAM = 6GYT6S2SSU;
				ENABLE_HARDENED_RUNTIME = YES;
				ENABLE_PREVIEWS = YES;
				GENERATE_INFOPLIST_FILE = YES;
				INFOPLIST_KEY_NSHumanReadableCopyright = "";
				LD_RUNPATH_SEARCH_PATHS = (
					"$(inherited)",
					"@executable_path/../Frameworks",
				);
				MACOSX_DEPLOYMENT_TARGET = 15.0;
				MARKETING_VERSION = v1.0.1;
				PRODUCT_BUNDLE_IDENTIFIER = ah.MacPad;
				PRODUCT_NAME = "$(TARGET_NAME)";
				REGISTER_APP_GROUPS = YES;
				SWIFT_EMIT_LOC_STRINGS = YES;
				SWIFT_VERSION = 5.0;
			};
			name = Release;
		};
		6E9923B52DBEDE280022C097 /* Debug */ = {
			isa = XCBuildConfiguration;
			buildSettings = {
				BUNDLE_LOADER = "$(TEST_HOST)";
				CODE_SIGN_STYLE = Automatic;
				CURRENT_PROJECT_VERSION = 1;
				GENERATE_INFOPLIST_FILE = YES;
				MACOSX_DEPLOYMENT_TARGET = 15.3;
				MARKETING_VERSION = 1.0;
				PRODUCT_BUNDLE_IDENTIFIER = ah.MacPadTests;
				PRODUCT_NAME = "$(TARGET_NAME)";
				SWIFT_EMIT_LOC_STRINGS = NO;
				SWIFT_VERSION = 5.0;
				TEST_HOST = "$(BUILT_PRODUCTS_DIR)/MacPad.app/$(BUNDLE_EXECUTABLE_FOLDER_PATH)/MacPad";
			};
			name = Debug;
		};
		6E9923B62DBEDE280022C097 /* Release */ = {
			isa = XCBuildConfiguration;
			buildSettings = {
				BUNDLE_LOADER = "$(TEST_HOST)";
				CODE_SIGN_STYLE = Automatic;
				CURRENT_PROJECT_VERSION = 1;
				GENERATE_INFOPLIST_FILE = YES;
				MACOSX_DEPLOYMENT_TARGET = 15.3;
				MARKETING_VERSION = 1.0;
				PRODUCT_BUNDLE_IDENTIFIER = ah.MacPadTests;
				PRODUCT_NAME = "$(TARGET_NAME)";
				SWIFT_EMIT_LOC_STRINGS = NO;
				SWIFT_VERSION = 5.0;
				TEST_HOST = "$(BUILT_PRODUCTS_DIR)/MacPad.app/$(BUNDLE_EXECUTABLE_FOLDER_PATH)/MacPad";
			};
			name = Release;
		};
		6E9923B82DBEDE280022C097 /* Debug */ = {
			isa = XCBuildConfiguration;
			buildSettings = {
				CODE_SIGN_STYLE = Automatic;
				CURRENT_PROJECT_VERSION = 1;
				GENERATE_INFOPLIST_FILE = YES;
				MARKETING_VERSION = 1.0;
				PRODUCT_BUNDLE_IDENTIFIER = ah.MacPadUITests;
				PRODUCT_NAME = "$(TARGET_NAME)";
				SWIFT_EMIT_LOC_STRINGS = NO;
				SWIFT_VERSION = 5.0;
				TEST_TARGET_NAME = MacPad;
			};
			name = Debug;
		};
		6E9923B92DBEDE280022C097 /* Release */ = {
			isa = XCBuildConfiguration;
			buildSettings = {
				CODE_SIGN_STYLE = Automatic;
				CURRENT_PROJECT_VERSION = 1;
				GENERATE_INFOPLIST_FILE = YES;
				MARKETING_VERSION = 1.0;
				PRODUCT_BUNDLE_IDENTIFIER = ah.MacPadUITests;
				PRODUCT_NAME = "$(TARGET_NAME)";
				SWIFT_EMIT_LOC_STRINGS = NO;
				SWIFT_VERSION = 5.0;
				TEST_TARGET_NAME = MacPad;
			};
			name = Release;
		};
/* End XCBuildConfiguration section */

/* Begin XCConfigurationList section */
		6E99238A2DBEDE260022C097 /* Build configuration list for PBXProject "MacPad" */ = {
			isa = XCConfigurationList;
			buildConfigurations = (
				6E9923AF2DBEDE280022C097 /* Debug */,
				6E9923B02DBEDE280022C097 /* Release */,
			);
			defaultConfigurationIsVisible = 0;
			defaultConfigurationName = Release;
		};
		6E9923B12DBEDE280022C097 /* Build configuration list for PBXNativeTarget "MacPad" */ = {
			isa = XCConfigurationList;
			buildConfigurations = (
				6E9923B22DBEDE280022C097 /* Debug */,
				6E9923B32DBEDE280022C097 /* Release */,
			);
			defaultConfigurationIsVisible = 0;
			defaultConfigurationName = Release;
		};
		6E9923B42DBEDE280022C097 /* Build configuration list for PBXNativeTarget "MacPadTests" */ = {
			isa = XCConfigurationList;
			buildConfigurations = (
				6E9923B52DBEDE280022C097 /* Debug */,
				6E9923B62DBEDE280022C097 /* Release */,
			);
			defaultConfigurationIsVisible = 0;
			defaultConfigurationName = Release;
		};
		6E9923B72DBEDE280022C097 /* Build configuration list for PBXNativeTarget "MacPadUITests" */ = {
			isa = XCConfigurationList;
			buildConfigurations = (
				6E9923B82DBEDE280022C097 /* Debug */,
				6E9923B92DBEDE280022C097 /* Release */,
			);
			defaultConfigurationIsVisible = 0;
			defaultConfigurationName = Release;
		};
/* End XCConfigurationList section */
	};
	rootObject = 6E9923872DBEDE260022C097 /* Project object */;
}
